
Microsoft Visual Studio Solution File, Format Version 12.00
# Visual Studio 15
VisualStudioVersion = 15.0.27130.2010
MinimumVisualStudioVersion = 10.0.40219.1
Project("{FAE04EC0-301F-11D3-BF4B-00C04F79EFBC}") = "ContestGetStarted.Android", "ContestGetStarted\ContestGetStarted.Android\ContestGetStarted.Android.csproj", "{A7BA3C3F-B777-4376-B676-E1C6AC28B710}"
EndProject
Project("{FAE04EC0-301F-11D3-BF4B-00C04F79EFBC}") = "ContestGetStarted.iOS", "ContestGetStarted\ContestGetStarted.iOS\ContestGetStarted.iOS.csproj", "{E5E916C0-AB5B-4D21-9F52-7CEBAD9B4CAA}"
EndProject
Project("{FAE04EC0-301F-11D3-BF4B-00C04F79EFBC}") = "ContestGetStarted.UWP", "ContestGetStarted\ContestGetStarted.UWP\ContestGetStarted.UWP.csproj", "{DCD7B0D7-08C9-497E-9F22-D3E507D6C3F5}"
EndProject
Project("{FAE04EC0-301F-11D3-BF4B-00C04F79EFBC}") = "ContestGetStarted", "ContestGetStarted\ContestGetStarted\ContestGetStarted.csproj", "{D75C6363-849A-4D2D-9C92-1E97D1A4DECF}"
EndProject
Global
	GlobalSection(SolutionConfigurationPlatforms) = preSolution
		Ad-Hoc|Any CPU = Ad-Hoc|Any CPU
		Ad-Hoc|ARM = Ad-Hoc|ARM
		Ad-Hoc|iPhone = Ad-Hoc|iPhone
		Ad-Hoc|iPhoneSimulator = Ad-Hoc|iPhoneSimulator
		Ad-Hoc|x64 = Ad-Hoc|x64
		Ad-Hoc|x86 = Ad-Hoc|x86
		AppStore|Any CPU = AppStore|Any CPU
		AppStore|ARM = AppStore|ARM
		AppStore|iPhone = AppStore|iPhone
		AppStore|iPhoneSimulator = AppStore|iPhoneSimulator
		AppStore|x64 = AppStore|x64
		AppStore|x86 = AppStore|x86
		Debug|Any CPU = Debug|Any CPU
		Debug|ARM = Debug|ARM
		Debug|iPhone = Debug|iPhone
		Debug|iPhoneSimulator = Debug|iPhoneSimulator
		Debug|x64 = Debug|x64
		Debug|x86 = Debug|x86
		Release|Any CPU = Release|Any CPU
		Release|ARM = Release|ARM
		Release|iPhone = Release|iPhone
		Release|iPhoneSimulator = Release|iPhoneSimulator
		Release|x64 = Release|x64
		Release|x86 = Release|x86
	EndGlobalSection
	GlobalSection(ProjectConfigurationPlatforms) = postSolution
		{A7BA3C3F-B777-4376-B676-E1C6AC28B710}.Ad-Hoc|Any CPU.ActiveCfg = Release|Any CPU
		{A7BA3C3F-B777-4376-B676-E1C6AC28B710}.Ad-Hoc|Any CPU.Build.0 = Release|Any CPU
		{A7BA3C3F-B777-4376-B676-E1C6AC28B710}.Ad-Hoc|Any CPU.Deploy.0 = Release|Any CPU
		{A7BA3C3F-B777-4376-B676-E1C6AC28B710}.Ad-Hoc|ARM.ActiveCfg = Release|Any CPU
		{A7BA3C3F-B777-4376-B676-E1C6AC28B710}.Ad-Hoc|ARM.Build.0 = Release|Any CPU
		{A7BA3C3F-B777-4376-B676-E1C6AC28B710}.Ad-Hoc|ARM.Deploy.0 = Release|Any CPU
		{A7BA3C3F-B777-4376-B676-E1C6AC28B710}.Ad-Hoc|iPhone.ActiveCfg = Release|Any CPU
		{A7BA3C3F-B777-4376-B676-E1C6AC28B710}.Ad-Hoc|iPhone.Build.0 = Release|Any CPU
		{A7BA3C3F-B777-4376-B676-E1C6AC28B710}.Ad-Hoc|iPhone.Deploy.0 = Release|Any CPU
		{A7BA3C3F-B777-4376-B676-E1C6AC28B710}.Ad-Hoc|iPhoneSimulator.ActiveCfg = Release|Any CPU
		{A7BA3C3F-B777-4376-B676-E1C6AC28B710}.Ad-Hoc|iPhoneSimulator.Build.0 = Release|Any CPU
		{A7BA3C3F-B777-4376-B676-E1C6AC28B710}.Ad-Hoc|iPhoneSimulator.Deploy.0 = Release|Any CPU
		{A7BA3C3F-B777-4376-B676-E1C6AC28B710}.Ad-Hoc|x64.ActiveCfg = Release|Any CPU
		{A7BA3C3F-B777-4376-B676-E1C6AC28B710}.Ad-Hoc|x64.Build.0 = Release|Any CPU
		{A7BA3C3F-B777-4376-B676-E1C6AC28B710}.Ad-Hoc|x64.Deploy.0 = Release|Any CPU
		{A7BA3C3F-B777-4376-B676-E1C6AC28B710}.Ad-Hoc|x86.ActiveCfg = Release|Any CPU
		{A7BA3C3F-B777-4376-B676-E1C6AC28B710}.Ad-Hoc|x86.Build.0 = Release|Any CPU
		{A7BA3C3F-B777-4376-B676-E1C6AC28B710}.Ad-Hoc|x86.Deploy.0 = Release|Any CPU
		{A7BA3C3F-B777-4376-B676-E1C6AC28B710}.AppStore|Any CPU.ActiveCfg = Release|Any CPU
		{A7BA3C3F-B777-4376-B676-E1C6AC28B710}.AppStore|Any CPU.Build.0 = Release|Any CPU
		{A7BA3C3F-B777-4376-B676-E1C6AC28B710}.AppStore|Any CPU.Deploy.0 = Release|Any CPU
		{A7BA3C3F-B777-4376-B676-E1C6AC28B710}.AppStore|ARM.ActiveCfg = Release|Any CPU
		{A7BA3C3F-B777-4376-B676-E1C6AC28B710}.AppStore|ARM.Build.0 = Release|Any CPU
		{A7BA3C3F-B777-4376-B676-E1C6AC28B710}.AppStore|ARM.Deploy.0 = Release|Any CPU
		{A7BA3C3F-B777-4376-B676-E1C6AC28B710}.AppStore|iPhone.ActiveCfg = Release|Any CPU
		{A7BA3C3F-B777-4376-B676-E1C6AC28B710}.AppStore|iPhone.Build.0 = Release|Any CPU
		{A7BA3C3F-B777-4376-B676-E1C6AC28B710}.AppStore|iPhone.Deploy.0 = Release|Any CPU
		{A7BA3C3F-B777-4376-B676-E1C6AC28B710}.AppStore|iPhoneSimulator.ActiveCfg = Release|Any CPU
		{A7BA3C3F-B777-4376-B676-E1C6AC28B710}.AppStore|iPhoneSimulator.Build.0 = Release|Any CPU
		{A7BA3C3F-B777-4376-B676-E1C6AC28B710}.AppStore|iPhoneSimulator.Deploy.0 = Release|Any CPU
		{A7BA3C3F-B777-4376-B676-E1C6AC28B710}.AppStore|x64.ActiveCfg = Release|Any CPU
		{A7BA3C3F-B777-4376-B676-E1C6AC28B710}.AppStore|x64.Build.0 = Release|Any CPU
		{A7BA3C3F-B777-4376-B676-E1C6AC28B710}.AppStore|x64.Deploy.0 = Release|Any CPU
		{A7BA3C3F-B777-4376-B676-E1C6AC28B710}.AppStore|x86.ActiveCfg = Release|Any CPU
		{A7BA3C3F-B777-4376-B676-E1C6AC28B710}.AppStore|x86.Build.0 = Release|Any CPU
		{A7BA3C3F-B777-4376-B676-E1C6AC28B710}.AppStore|x86.Deploy.0 = Release|Any CPU
		{A7BA3C3F-B777-4376-B676-E1C6AC28B710}.Debug|Any CPU.ActiveCfg = Debug|Any CPU
		{A7BA3C3F-B777-4376-B676-E1C6AC28B710}.Debug|Any CPU.Build.0 = Debug|Any CPU
		{A7BA3C3F-B777-4376-B676-E1C6AC28B710}.Debug|Any CPU.Deploy.0 = Debug|Any CPU
		{A7BA3C3F-B777-4376-B676-E1C6AC28B710}.Debug|ARM.ActiveCfg = Debug|Any CPU
		{A7BA3C3F-B777-4376-B676-E1C6AC28B710}.Debug|ARM.Build.0 = Debug|Any CPU
		{A7BA3C3F-B777-4376-B676-E1C6AC28B710}.Debug|ARM.Deploy.0 = Debug|Any CPU
		{A7BA3C3F-B777-4376-B676-E1C6AC28B710}.Debug|iPhone.ActiveCfg = Debug|Any CPU
		{A7BA3C3F-B777-4376-B676-E1C6AC28B710}.Debug|iPhone.Build.0 = Debug|Any CPU
		{A7BA3C3F-B777-4376-B676-E1C6AC28B710}.Debug|iPhone.Deploy.0 = Debug|Any CPU
		{A7BA3C3F-B777-4376-B676-E1C6AC28B710}.Debug|iPhoneSimulator.ActiveCfg = Debug|Any CPU
		{A7BA3C3F-B777-4376-B676-E1C6AC28B710}.Debug|iPhoneSimulator.Build.0 = Debug|Any CPU
		{A7BA3C3F-B777-4376-B676-E1C6AC28B710}.Debug|iPhoneSimulator.Deploy.0 = Debug|Any CPU
		{A7BA3C3F-B777-4376-B676-E1C6AC28B710}.Debug|x64.ActiveCfg = Debug|Any CPU
		{A7BA3C3F-B777-4376-B676-E1C6AC28B710}.Debug|x64.Build.0 = Debug|Any CPU
		{A7BA3C3F-B777-4376-B676-E1C6AC28B710}.Debug|x64.Deploy.0 = Debug|Any CPU
		{A7BA3C3F-B777-4376-B676-E1C6AC28B710}.Debug|x86.ActiveCfg = Debug|Any CPU
		{A7BA3C3F-B777-4376-B676-E1C6AC28B710}.Debug|x86.Build.0 = Debug|Any CPU
		{A7BA3C3F-B777-4376-B676-E1C6AC28B710}.Debug|x86.Deploy.0 = Debug|Any CPU
		{A7BA3C3F-B777-4376-B676-E1C6AC28B710}.Release|Any CPU.ActiveCfg = Release|Any CPU
		{A7BA3C3F-B777-4376-B676-E1C6AC28B710}.Release|Any CPU.Build.0 = Release|Any CPU
		{A7BA3C3F-B777-4376-B676-E1C6AC28B710}.Release|Any CPU.Deploy.0 = Release|Any CPU
		{A7BA3C3F-B777-4376-B676-E1C6AC28B710}.Release|ARM.ActiveCfg = Release|Any CPU
		{A7BA3C3F-B777-4376-B676-E1C6AC28B710}.Release|ARM.Build.0 = Release|Any CPU
		{A7BA3C3F-B777-4376-B676-E1C6AC28B710}.Release|ARM.Deploy.0 = Release|Any CPU
		{A7BA3C3F-B777-4376-B676-E1C6AC28B710}.Release|iPhone.ActiveCfg = Release|Any CPU
		{A7BA3C3F-B777-4376-B676-E1C6AC28B710}.Release|iPhone.Build.0 = Release|Any CPU
		{A7BA3C3F-B777-4376-B676-E1C6AC28B710}.Release|iPhone.Deploy.0 = Release|Any CPU
		{A7BA3C3F-B777-4376-B676-E1C6AC28B710}.Release|iPhoneSimulator.ActiveCfg = Release|Any CPU
		{A7BA3C3F-B777-4376-B676-E1C6AC28B710}.Release|iPhoneSimulator.Build.0 = Release|Any CPU
		{A7BA3C3F-B777-4376-B676-E1C6AC28B710}.Release|iPhoneSimulator.Deploy.0 = Release|Any CPU
		{A7BA3C3F-B777-4376-B676-E1C6AC28B710}.Release|x64.ActiveCfg = Release|Any CPU
		{A7BA3C3F-B777-4376-B676-E1C6AC28B710}.Release|x64.Build.0 = Release|Any CPU
		{A7BA3C3F-B777-4376-B676-E1C6AC28B710}.Release|x64.Deploy.0 = Release|Any CPU
		{A7BA3C3F-B777-4376-B676-E1C6AC28B710}.Release|x86.ActiveCfg = Release|Any CPU
		{A7BA3C3F-B777-4376-B676-E1C6AC28B710}.Release|x86.Build.0 = Release|Any CPU
		{A7BA3C3F-B777-4376-B676-E1C6AC28B710}.Release|x86.Deploy.0 = Release|Any CPU
		{E5E916C0-AB5B-4D21-9F52-7CEBAD9B4CAA}.Ad-Hoc|Any CPU.ActiveCfg = Ad-Hoc|iPhone
		{E5E916C0-AB5B-4D21-9F52-7CEBAD9B4CAA}.Ad-Hoc|ARM.ActiveCfg = Ad-Hoc|iPhone
		{E5E916C0-AB5B-4D21-9F52-7CEBAD9B4CAA}.Ad-Hoc|iPhone.ActiveCfg = Ad-Hoc|iPhone
		{E5E916C0-AB5B-4D21-9F52-7CEBAD9B4CAA}.Ad-Hoc|iPhone.Build.0 = Ad-Hoc|iPhone
		{E5E916C0-AB5B-4D21-9F52-7CEBAD9B4CAA}.Ad-Hoc|iPhoneSimulator.ActiveCfg = Ad-Hoc|iPhoneSimulator
		{E5E916C0-AB5B-4D21-9F52-7CEBAD9B4CAA}.Ad-Hoc|iPhoneSimulator.Build.0 = Ad-Hoc|iPhoneSimulator
		{E5E916C0-AB5B-4D21-9F52-7CEBAD9B4CAA}.Ad-Hoc|x64.ActiveCfg = Ad-Hoc|iPhone
		{E5E916C0-AB5B-4D21-9F52-7CEBAD9B4CAA}.Ad-Hoc|x86.ActiveCfg = Ad-Hoc|iPhone
		{E5E916C0-AB5B-4D21-9F52-7CEBAD9B4CAA}.AppStore|Any CPU.ActiveCfg = AppStore|iPhone
		{E5E916C0-AB5B-4D21-9F52-7CEBAD9B4CAA}.AppStore|ARM.ActiveCfg = AppStore|iPhone
		{E5E916C0-AB5B-4D21-9F52-7CEBAD9B4CAA}.AppStore|iPhone.ActiveCfg = AppStore|iPhone
		{E5E916C0-AB5B-4D21-9F52-7CEBAD9B4CAA}.AppStore|iPhone.Build.0 = AppStore|iPhone
		{E5E916C0-AB5B-4D21-9F52-7CEBAD9B4CAA}.AppStore|iPhoneSimulator.ActiveCfg = AppStore|iPhoneSimulator
		{E5E916C0-AB5B-4D21-9F52-7CEBAD9B4CAA}.AppStore|iPhoneSimulator.Build.0 = AppStore|iPhoneSimulator
		{E5E916C0-AB5B-4D21-9F52-7CEBAD9B4CAA}.AppStore|x64.ActiveCfg = AppStore|iPhone
		{E5E916C0-AB5B-4D21-9F52-7CEBAD9B4CAA}.AppStore|x86.ActiveCfg = AppStore|iPhone
		{E5E916C0-AB5B-4D21-9F52-7CEBAD9B4CAA}.Debug|Any CPU.ActiveCfg = Debug|iPhone
		{E5E916C0-AB5B-4D21-9F52-7CEBAD9B4CAA}.Debug|ARM.ActiveCfg = Debug|iPhone
		{E5E916C0-AB5B-4D21-9F52-7CEBAD9B4CAA}.Debug|iPhone.ActiveCfg = Debug|iPhone
		{E5E916C0-AB5B-4D21-9F52-7CEBAD9B4CAA}.Debug|iPhone.Build.0 = Debug|iPhone
		{E5E916C0-AB5B-4D21-9F52-7CEBAD9B4CAA}.Debug|iPhoneSimulator.ActiveCfg = Debug|iPhoneSimulator
		{E5E916C0-AB5B-4D21-9F52-7CEBAD9B4CAA}.Debug|iPhoneSimulator.Build.0 = Debug|iPhoneSimulator
		{E5E916C0-AB5B-4D21-9F52-7CEBAD9B4CAA}.Debug|x64.ActiveCfg = Debug|iPhone
		{E5E916C0-AB5B-4D21-9F52-7CEBAD9B4CAA}.Debug|x86.ActiveCfg = Debug|iPhone
		{E5E916C0-AB5B-4D21-9F52-7CEBAD9B4CAA}.Release|Any CPU.ActiveCfg = Release|iPhone
		{E5E916C0-AB5B-4D21-9F52-7CEBAD9B4CAA}.Release|ARM.ActiveCfg = Release|iPhone
		{E5E916C0-AB5B-4D21-9F52-7CEBAD9B4CAA}.Release|iPhone.ActiveCfg = Release|iPhone
		{E5E916C0-AB5B-4D21-9F52-7CEBAD9B4CAA}.Release|iPhone.Build.0 = Release|iPhone
		{E5E916C0-AB5B-4D21-9F52-7CEBAD9B4CAA}.Release|iPhoneSimulator.ActiveCfg = Release|iPhoneSimulator
		{E5E916C0-AB5B-4D21-9F52-7CEBAD9B4CAA}.Release|iPhoneSimulator.Build.0 = Release|iPhoneSimulator
		{E5E916C0-AB5B-4D21-9F52-7CEBAD9B4CAA}.Release|x64.ActiveCfg = Release|iPhone
		{E5E916C0-AB5B-4D21-9F52-7CEBAD9B4CAA}.Release|x86.ActiveCfg = Release|iPhone
		{DCD7B0D7-08C9-497E-9F22-D3E507D6C3F5}.Ad-Hoc|Any CPU.ActiveCfg = Release|x86
		{DCD7B0D7-08C9-497E-9F22-D3E507D6C3F5}.Ad-Hoc|Any CPU.Build.0 = Release|x86
		{DCD7B0D7-08C9-497E-9F22-D3E507D6C3F5}.Ad-Hoc|Any CPU.Deploy.0 = Release|x86
		{DCD7B0D7-08C9-497E-9F22-D3E507D6C3F5}.Ad-Hoc|ARM.ActiveCfg = Release|ARM
		{DCD7B0D7-08C9-497E-9F22-D3E507D6C3F5}.Ad-Hoc|ARM.Build.0 = Release|ARM
		{DCD7B0D7-08C9-497E-9F22-D3E507D6C3F5}.Ad-Hoc|ARM.Deploy.0 = Release|ARM
		{DCD7B0D7-08C9-497E-9F22-D3E507D6C3F5}.Ad-Hoc|iPhone.ActiveCfg = Release|x86
		{DCD7B0D7-08C9-497E-9F22-D3E507D6C3F5}.Ad-Hoc|iPhone.Build.0 = Release|x86
		{DCD7B0D7-08C9-497E-9F22-D3E507D6C3F5}.Ad-Hoc|iPhone.Deploy.0 = Release|x86
		{DCD7B0D7-08C9-497E-9F22-D3E507D6C3F5}.Ad-Hoc|iPhoneSimulator.ActiveCfg = Release|x86
		{DCD7B0D7-08C9-497E-9F22-D3E507D6C3F5}.Ad-Hoc|iPhoneSimulator.Build.0 = Release|x86
		{DCD7B0D7-08C9-497E-9F22-D3E507D6C3F5}.Ad-Hoc|iPhoneSimulator.Deploy.0 = Release|x86
		{DCD7B0D7-08C9-497E-9F22-D3E507D6C3F5}.Ad-Hoc|x64.ActiveCfg = Release|x64
		{DCD7B0D7-08C9-497E-9F22-D3E507D6C3F5}.Ad-Hoc|x64.Build.0 = Release|x64
		{DCD7B0D7-08C9-497E-9F22-D3E507D6C3F5}.Ad-Hoc|x64.Deploy.0 = Release|x64
		{DCD7B0D7-08C9-497E-9F22-D3E507D6C3F5}.Ad-Hoc|x86.ActiveCfg = Release|x86
		{DCD7B0D7-08C9-497E-9F22-D3E507D6C3F5}.Ad-Hoc|x86.Build.0 = Release|x86
		{DCD7B0D7-08C9-497E-9F22-D3E507D6C3F5}.Ad-Hoc|x86.Deploy.0 = Release|x86
		{DCD7B0D7-08C9-497E-9F22-D3E507D6C3F5}.AppStore|Any CPU.ActiveCfg = Release|x86
		{DCD7B0D7-08C9-497E-9F22-D3E507D6C3F5}.AppStore|Any CPU.Build.0 = Release|x86
		{DCD7B0D7-08C9-497E-9F22-D3E507D6C3F5}.AppStore|Any CPU.Deploy.0 = Release|x86
		{DCD7B0D7-08C9-497E-9F22-D3E507D6C3F5}.AppStore|ARM.ActiveCfg = Release|ARM
		{DCD7B0D7-08C9-497E-9F22-D3E507D6C3F5}.AppStore|ARM.Build.0 = Release|ARM
		{DCD7B0D7-08C9-497E-9F22-D3E507D6C3F5}.AppStore|ARM.Deploy.0 = Release|ARM
		{DCD7B0D7-08C9-497E-9F22-D3E507D6C3F5}.AppStore|iPhone.ActiveCfg = Release|x86
		{DCD7B0D7-08C9-497E-9F22-D3E507D6C3F5}.AppStore|iPhone.Build.0 = Release|x86
		{DCD7B0D7-08C9-497E-9F22-D3E507D6C3F5}.AppStore|iPhone.Deploy.0 = Release|x86
		{DCD7B0D7-08C9-497E-9F22-D3E507D6C3F5}.AppStore|iPhoneSimulator.ActiveCfg = Release|x86
		{DCD7B0D7-08C9-497E-9F22-D3E507D6C3F5}.AppStore|iPhoneSimulator.Build.0 = Release|x86
		{DCD7B0D7-08C9-497E-9F22-D3E507D6C3F5}.AppStore|iPhoneSimulator.Deploy.0 = Release|x86
		{DCD7B0D7-08C9-497E-9F22-D3E507D6C3F5}.AppStore|x64.ActiveCfg = Release|x64
		{DCD7B0D7-08C9-497E-9F22-D3E507D6C3F5}.AppStore|x64.Build.0 = Release|x64
		{DCD7B0D7-08C9-497E-9F22-D3E507D6C3F5}.AppStore|x64.Deploy.0 = Release|x64
		{DCD7B0D7-08C9-497E-9F22-D3E507D6C3F5}.AppStore|x86.ActiveCfg = Release|x86
		{DCD7B0D7-08C9-497E-9F22-D3E507D6C3F5}.AppStore|x86.Build.0 = Release|x86
		{DCD7B0D7-08C9-497E-9F22-D3E507D6C3F5}.AppStore|x86.Deploy.0 = Release|x86
		{DCD7B0D7-08C9-497E-9F22-D3E507D6C3F5}.Debug|Any CPU.ActiveCfg = Debug|x86
		{DCD7B0D7-08C9-497E-9F22-D3E507D6C3F5}.Debug|ARM.ActiveCfg = Debug|ARM
		{DCD7B0D7-08C9-497E-9F22-D3E507D6C3F5}.Debug|ARM.Build.0 = Debug|ARM
		{DCD7B0D7-08C9-497E-9F22-D3E507D6C3F5}.Debug|ARM.Deploy.0 = Debug|ARM
		{DCD7B0D7-08C9-497E-9F22-D3E507D6C3F5}.Debug|iPhone.ActiveCfg = Debug|x86
		{DCD7B0D7-08C9-497E-9F22-D3E507D6C3F5}.Debug|iPhoneSimulator.ActiveCfg = Debug|x86
		{DCD7B0D7-08C9-497E-9F22-D3E507D6C3F5}.Debug|x64.ActiveCfg = Debug|x64
		{DCD7B0D7-08C9-497E-9F22-D3E507D6C3F5}.Debug|x64.Build.0 = Debug|x64
		{DCD7B0D7-08C9-497E-9F22-D3E507D6C3F5}.Debug|x64.Deploy.0 = Debug|x64
		{DCD7B0D7-08C9-497E-9F22-D3E507D6C3F5}.Debug|x86.ActiveCfg = Debug|x86
		{DCD7B0D7-08C9-497E-9F22-D3E507D6C3F5}.Debug|x86.Build.0 = Debug|x86
		{DCD7B0D7-08C9-497E-9F22-D3E507D6C3F5}.Debug|x86.Deploy.0 = Debug|x86
		{DCD7B0D7-08C9-497E-9F22-D3E507D6C3F5}.Release|Any CPU.ActiveCfg = Release|x86
		{DCD7B0D7-08C9-497E-9F22-D3E507D6C3F5}.Release|ARM.ActiveCfg = Release|ARM
		{DCD7B0D7-08C9-497E-9F22-D3E507D6C3F5}.Release|ARM.Build.0 = Release|ARM
		{DCD7B0D7-08C9-497E-9F22-D3E507D6C3F5}.Release|ARM.Deploy.0 = Release|ARM
		{DCD7B0D7-08C9-497E-9F22-D3E507D6C3F5}.Release|iPhone.ActiveCfg = Release|x86
		{DCD7B0D7-08C9-497E-9F22-D3E507D6C3F5}.Release|iPhoneSimulator.ActiveCfg = Release|x86
		{DCD7B0D7-08C9-497E-9F22-D3E507D6C3F5}.Release|x64.ActiveCfg = Release|x64
		{DCD7B0D7-08C9-497E-9F22-D3E507D6C3F5}.Release|x64.Build.0 = Release|x64
		{DCD7B0D7-08C9-497E-9F22-D3E507D6C3F5}.Release|x64.Deploy.0 = Release|x64
		{DCD7B0D7-08C9-497E-9F22-D3E507D6C3F5}.Release|x86.ActiveCfg = Release|x86
		{DCD7B0D7-08C9-497E-9F22-D3E507D6C3F5}.Release|x86.Build.0 = Release|x86
		{DCD7B0D7-08C9-497E-9F22-D3E507D6C3F5}.Release|x86.Deploy.0 = Release|x86
		{D75C6363-849A-4D2D-9C92-1E97D1A4DECF}.Ad-Hoc|Any CPU.ActiveCfg = Debug|Any CPU
		{D75C6363-849A-4D2D-9C92-1E97D1A4DECF}.Ad-Hoc|Any CPU.Build.0 = Debug|Any CPU
		{D75C6363-849A-4D2D-9C92-1E97D1A4DECF}.Ad-Hoc|ARM.ActiveCfg = Debug|Any CPU
		{D75C6363-849A-4D2D-9C92-1E97D1A4DECF}.Ad-Hoc|ARM.Build.0 = Debug|Any CPU
		{D75C6363-849A-4D2D-9C92-1E97D1A4DECF}.Ad-Hoc|iPhone.ActiveCfg = Debug|Any CPU
		{D75C6363-849A-4D2D-9C92-1E97D1A4DECF}.Ad-Hoc|iPhone.Build.0 = Debug|Any CPU
		{D75C6363-849A-4D2D-9C92-1E97D1A4DECF}.Ad-Hoc|iPhoneSimulator.ActiveCfg = Debug|Any CPU
		{D75C6363-849A-4D2D-9C92-1E97D1A4DECF}.Ad-Hoc|iPhoneSimulator.Build.0 = Debug|Any CPU
		{D75C6363-849A-4D2D-9C92-1E97D1A4DECF}.Ad-Hoc|x64.ActiveCfg = Debug|Any CPU
		{D75C6363-849A-4D2D-9C92-1E97D1A4DECF}.Ad-Hoc|x64.Build.0 = Debug|Any CPU
		{D75C6363-849A-4D2D-9C92-1E97D1A4DECF}.Ad-Hoc|x86.ActiveCfg = Debug|Any CPU
		{D75C6363-849A-4D2D-9C92-1E97D1A4DECF}.Ad-Hoc|x86.Build.0 = Debug|Any CPU
		{D75C6363-849A-4D2D-9C92-1E97D1A4DECF}.AppStore|Any CPU.ActiveCfg = Debug|Any CPU
		{D75C6363-849A-4D2D-9C92-1E97D1A4DECF}.AppStore|Any CPU.Build.0 = Debug|Any CPU
		{D75C6363-849A-4D2D-9C92-1E97D1A4DECF}.AppStore|ARM.ActiveCfg = Debug|Any CPU
		{D75C6363-849A-4D2D-9C92-1E97D1A4DECF}.AppStore|ARM.Build.0 = Debug|Any CPU
		{D75C6363-849A-4D2D-9C92-1E97D1A4DECF}.AppStore|iPhone.ActiveCfg = Debug|Any CPU
		{D75C6363-849A-4D2D-9C92-1E97D1A4DECF}.AppStore|iPhone.Build.0 = Debug|Any CPU
		{D75C6363-849A-4D2D-9C92-1E97D1A4DECF}.AppStore|iPhoneSimulator.ActiveCfg = Debug|Any CPU
		{D75C6363-849A-4D2D-9C92-1E97D1A4DECF}.AppStore|iPhoneSimulator.Build.0 = Debug|Any CPU
		{D75C6363-849A-4D2D-9C92-1E97D1A4DECF}.AppStore|x64.ActiveCfg = Debug|Any CPU
		{D75C6363-849A-4D2D-9C92-1E97D1A4DECF}.AppStore|x64.Build.0 = Debug|Any CPU
		{D75C6363-849A-4D2D-9C92-1E97D1A4DECF}.AppStore|x86.ActiveCfg = Debug|Any CPU
		{D75C6363-849A-4D2D-9C92-1E97D1A4DECF}.AppStore|x86.Build.0 = Debug|Any CPU
		{D75C6363-849A-4D2D-9C92-1E97D1A4DECF}.Debug|Any CPU.ActiveCfg = Debug|Any CPU
		{D75C6363-849A-4D2D-9C92-1E97D1A4DECF}.Debug|Any CPU.Build.0 = Debug|Any CPU
		{D75C6363-849A-4D2D-9C92-1E97D1A4DECF}.Debug|ARM.ActiveCfg = Debug|Any CPU
		{D75C6363-849A-4D2D-9C92-1E97D1A4DECF}.Debug|ARM.Build.0 = Debug|Any CPU
		{D75C6363-849A-4D2D-9C92-1E97D1A4DECF}.Debug|iPhone.ActiveCfg = Debug|Any CPU
		{D75C6363-849A-4D2D-9C92-1E97D1A4DECF}.Debug|iPhone.Build.0 = Debug|Any CPU
		{D75C6363-849A-4D2D-9C92-1E97D1A4DECF}.Debug|iPhoneSimulator.ActiveCfg = Debug|Any CPU
		{D75C6363-849A-4D2D-9C92-1E97D1A4DECF}.Debug|iPhoneSimulator.Build.0 = Debug|Any CPU
		{D75C6363-849A-4D2D-9C92-1E97D1A4DECF}.Debug|x64.ActiveCfg = Debug|Any CPU
		{D75C6363-849A-4D2D-9C92-1E97D1A4DECF}.Debug|x64.Build.0 = Debug|Any CPU
		{D75C6363-849A-4D2D-9C92-1E97D1A4DECF}.Debug|x86.ActiveCfg = Debug|Any CPU
		{D75C6363-849A-4D2D-9C92-1E97D1A4DECF}.Debug|x86.Build.0 = Debug|Any CPU
		{D75C6363-849A-4D2D-9C92-1E97D1A4DECF}.Release|Any CPU.ActiveCfg = Release|Any CPU
		{D75C6363-849A-4D2D-9C92-1E97D1A4DECF}.Release|Any CPU.Build.0 = Release|Any CPU
		{D75C6363-849A-4D2D-9C92-1E97D1A4DECF}.Release|ARM.ActiveCfg = Release|Any CPU
		{D75C6363-849A-4D2D-9C92-1E97D1A4DECF}.Release|ARM.Build.0 = Release|Any CPU
		{D75C6363-849A-4D2D-9C92-1E97D1A4DECF}.Release|iPhone.ActiveCfg = Release|Any CPU
		{D75C6363-849A-4D2D-9C92-1E97D1A4DECF}.Release|iPhone.Build.0 = Release|Any CPU
		{D75C6363-849A-4D2D-9C92-1E97D1A4DECF}.Release|iPhoneSimulator.ActiveCfg = Release|Any CPU
		{D75C6363-849A-4D2D-9C92-1E97D1A4DECF}.Release|iPhoneSimulator.Build.0 = Release|Any CPU
		{D75C6363-849A-4D2D-9C92-1E97D1A4DECF}.Release|x64.ActiveCfg = Release|Any CPU
		{D75C6363-849A-4D2D-9C92-1E97D1A4DECF}.Release|x64.Build.0 = Release|Any CPU
		{D75C6363-849A-4D2D-9C92-1E97D1A4DECF}.Release|x86.ActiveCfg = Release|Any CPU
		{D75C6363-849A-4D2D-9C92-1E97D1A4DECF}.Release|x86.Build.0 = Release|Any CPU
	EndGlobalSection
	GlobalSection(SolutionProperties) = preSolution
		HideSolutionNode = FALSE
	EndGlobalSection
	GlobalSection(ExtensibilityGlobals) = postSolution
		SolutionGuid = {4A913C9A-D739-415F-8E4B-060FD0728194}
	EndGlobalSection
EndGlobal
